
Microsoft Visual Studio Solution File, Format Version 12.00
# Visual Studio Version 17
VisualStudioVersion = 17.2.32630.192
MinimumVisualStudioVersion = 10.0.40219.1
Project("{9A19103F-16F7-4668-BE54-9A1E7A4F7556}") = "appui", "appui\appui.csproj", "{3860EB04-4D7A-47DF-BE06-9026573EC439}"
EndProject
Project("{9A19103F-16F7-4668-BE54-9A1E7A4F7556}") = "appui.tests", "appui.tests\appui.tests.csproj", "{E8652202-9DB8-4065-A932-345BAF947492}"
EndProject
Project("{2150E333-8FDC-42A3-9474-1A3956D46DE8}") = "doc", "doc", "{FD15FD9B-A9CC-4484-B3B4-581ADCB4A48E}"
	ProjectSection(SolutionItems) = preProject
		appui\assets\diagram.drawio = appui\assets\diagram.drawio
	EndProjectSection
EndProject
Project("{9A19103F-16F7-4668-BE54-9A1E7A4F7556}") = "appui.shared", "appui.shared\appui.shared.csproj", "{5B741B0C-13C0-44B4-9665-372E5F9D87FE}"
EndProject
Project("{9A19103F-16F7-4668-BE54-9A1E7A4F7556}") = "appui.wpf", "appui.wpf\appui.wpf.csproj", "{F63FA4B1-B959-43EB-91A0-ED0A857AB5C1}"
EndProject
Project("{2150E333-8FDC-42A3-9474-1A3956D46DE8}") = "Solution Items", "Solution Items", "{8699DD6C-6E64-4E9D-9B3E-3F689A6038FE}"
	ProjectSection(SolutionItems) = preProject
		.github\workflows\dotnet-desktop.yml = .github\workflows\dotnet-desktop.yml
		.github\workflows\housekeeping.yml = .github\workflows\housekeeping.yml
	EndProjectSection
EndProject
Global
	GlobalSection(SolutionConfigurationPlatforms) = preSolution
		Debug|Any CPU = Debug|Any CPU
		Release|Any CPU = Release|Any CPU
	EndGlobalSection
	GlobalSection(ProjectConfigurationPlatforms) = postSolution
		{3860EB04-4D7A-47DF-BE06-9026573EC439}.Debug|Any CPU.ActiveCfg = Debug|Any CPU
		{3860EB04-4D7A-47DF-BE06-9026573EC439}.Debug|Any CPU.Build.0 = Debug|Any CPU
		{3860EB04-4D7A-47DF-BE06-9026573EC439}.Release|Any CPU.ActiveCfg = Release|Any CPU
		{3860EB04-4D7A-47DF-BE06-9026573EC439}.Release|Any CPU.Build.0 = Release|Any CPU
		{E8652202-9DB8-4065-A932-345BAF947492}.Debug|Any CPU.ActiveCfg = Debug|Any CPU
		{E8652202-9DB8-4065-A932-345BAF947492}.Debug|Any CPU.Build.0 = Debug|Any CPU
		{E8652202-9DB8-4065-A932-345BAF947492}.Release|Any CPU.ActiveCfg = Release|Any CPU
		{E8652202-9DB8-4065-A932-345BAF947492}.Release|Any CPU.Build.0 = Release|Any CPU
		{5B741B0C-13C0-44B4-9665-372E5F9D87FE}.Debug|Any CPU.ActiveCfg = Debug|Any CPU
		{5B741B0C-13C0-44B4-9665-372E5F9D87FE}.Debug|Any CPU.Build.0 = Debug|Any CPU
		{5B741B0C-13C0-44B4-9665-372E5F9D87FE}.Release|Any CPU.ActiveCfg = Release|Any CPU
		{5B741B0C-13C0-44B4-9665-372E5F9D87FE}.Release|Any CPU.Build.0 = Release|Any CPU
		{F63FA4B1-B959-43EB-91A0-ED0A857AB5C1}.Debug|Any CPU.ActiveCfg = Debug|Any CPU
		{F63FA4B1-B959-43EB-91A0-ED0A857AB5C1}.Debug|Any CPU.Build.0 = Debug|Any CPU
		{F63FA4B1-B959-43EB-91A0-ED0A857AB5C1}.Release|Any CPU.ActiveCfg = Release|Any CPU
		{F63FA4B1-B959-43EB-91A0-ED0A857AB5C1}.Release|Any CPU.Build.0 = Release|Any CPU
	EndGlobalSection
	GlobalSection(SolutionProperties) = preSolution
		HideSolutionNode = FALSE
	EndGlobalSection
	GlobalSection(ExtensibilityGlobals) = postSolution
		SolutionGuid = {42E27ED6-A2F8-4088-B412-096A7A17D35E}
	EndGlobalSection
EndGlobal
